
Microsoft Visual Studio Solution File, Format Version 12.00
# Visual Studio Version 17
VisualStudioVersion = 17.9.34622.214
MinimumVisualStudioVersion = 10.0.40219.1
Project("{2150E333-8FDC-42A3-9474-1A3956D46DE8}") = "01.Components", "01.Components", "{6C21693F-04BD-429E-82DA-4BCC7DD94675}"
EndProject
Project("{2150E333-8FDC-42A3-9474-1A3956D46DE8}") = "02.FrameWork", "02.FrameWork", "{6285621E-B470-4DB1-AFA5-23866172A90E}"
EndProject
Project("{2150E333-8FDC-42A3-9474-1A3956D46DE8}") = "03.Drivers", "03.Drivers", "{67FF6440-2704-4D9A-9933-33D8799C5D7B}"
EndProject
Project("{2150E333-8FDC-42A3-9474-1A3956D46DE8}") = "04.Modules", "04.Modules", "{FFDC318F-9D7F-4D7E-9470-B8B8A43E4F81}"
EndProject
Project("{2150E333-8FDC-42A3-9474-1A3956D46DE8}") = "05.StartUp.Client", "05.StartUp.Client", "{904D8B99-E70B-45BE-85B0-D418D8A52726}"
EndProject
Project("{2150E333-8FDC-42A3-9474-1A3956D46DE8}") = "06.StartUp.Web", "06.StartUp.Web", "{AFA3607F-3BA7-4D7D-9CE4-55F1D0B030E0}"
EndProject
Project("{2150E333-8FDC-42A3-9474-1A3956D46DE8}") = "07.Tests", "07.Tests", "{BEB018AC-AC25-4B5D-BF32-625597507E33}"
EndProject
Project("{2150E333-8FDC-42A3-9474-1A3956D46DE8}") = "08.Docs", "08.Docs", "{6A9F3A8B-08FF-4A1B-BE0E-063CA54549A7}"
EndProject
Project("{2150E333-8FDC-42A3-9474-1A3956D46DE8}") = "09.ApiService", "09.ApiService", "{9BD5BC19-C615-48DB-80D3-F145E50DD747}"
EndProject
Project("{2150E333-8FDC-42A3-9474-1A3956D46DE8}") = "10.ToolKits", "10.ToolKits", "{FD4930E6-8B4D-48C0-A09F-4F91E886299B}"
EndProject
Project("{9A19103F-16F7-4668-BE54-9A1E7A4F7556}") = "DHY.Core", "DHY.Core\DHY.Core.csproj", "{90E62FF6-130E-4BF8-8502-D0D6F61B2797}"
EndProject
Project("{9A19103F-16F7-4668-BE54-9A1E7A4F7556}") = "DHY.DDCS.Module.Prescription", "DHY.DDCS.Prescription\DHY.DDCS.Module.Prescription.csproj", "{2AF9A167-48E1-466A-B4A0-D9DA406086FA}"
EndProject
Project("{9A19103F-16F7-4668-BE54-9A1E7A4F7556}") = "DHY.FrameWork.Core", "DHY.FrameWork.Core\DHY.FrameWork.Core.csproj", "{20242B67-8C70-4CE1-9296-5491D0B32117}"
EndProject
Project("{9A19103F-16F7-4668-BE54-9A1E7A4F7556}") = "DHY.FrameWork.Application", "DHY.FrameWork.Application\DHY.FrameWork.Application.csproj", "{C23769AB-4E76-4BAC-85A1-AA1D0F334970}"
EndProject
Project("{9A19103F-16F7-4668-BE54-9A1E7A4F7556}") = "DHY.FrameWork.Web.Core", "DHY.FrameWork.Web.Core\DHY.FrameWork.Web.Core.csproj", "{6F72C9FE-CADF-4290-A120-1FB07B35043F}"
EndProject
Project("{9A19103F-16F7-4668-BE54-9A1E7A4F7556}") = "DHY.FrameWork.Web.Entry", "DHY.FrameWork.Web.Entry\DHY.FrameWork.Web.Entry.csproj", "{628319AC-872A-4E67-946B-403E6B77E24C}"
EndProject
Project("{9A19103F-16F7-4668-BE54-9A1E7A4F7556}") = "DHY.FrameWork.Data.SqlSugar", "DHY.FrameWork.Data.SqlSugar\DHY.FrameWork.Data.SqlSugar.csproj", "{CD742CF4-EFA1-428D-941B-762CC5A13CDD}"
EndProject
Project("{9A19103F-16F7-4668-BE54-9A1E7A4F7556}") = "DHY.DDCS.Module.Template", "DHY.DDCS.Module.Template\DHY.DDCS.Module.Template.csproj", "{0041E54F-419E-4653-8903-EB360687FE2A}"
EndProject
Project("{9A19103F-16F7-4668-BE54-9A1E7A4F7556}") = "DHY.FrameWork.Common", "DHY.FrameWork.Common\DHY.FrameWork.Common.csproj", "{D76CF5EA-5DDF-400B-84DA-82028C8692F5}"
EndProject
Project("{9A19103F-16F7-4668-BE54-9A1E7A4F7556}") = "DHY.DDCS.Module.Core", "DHY.DDCS.Module.Core\DHY.DDCS.Module.Core.csproj", "{ACB7146E-45ED-49A0-9443-EE0FDC031254}"
EndProject
Project("{9A19103F-16F7-4668-BE54-9A1E7A4F7556}") = "DHY.MG.Module.Sys", "DHY.MG.Module.Sys\DHY.MG.Module.Sys.csproj", "{BB2472BF-8BAE-4809-8D86-93369773F9DC}"
EndProject
Project("{9A19103F-16F7-4668-BE54-9A1E7A4F7556}") = "DHY.FrameWork.CommonService", "DHY.FrameWork.CommonService\DHY.FrameWork.CommonService.csproj", "{D987E187-7411-44B8-AF66-4F7DA7EE9B01}"
EndProject
Project("{9A19103F-16F7-4668-BE54-9A1E7A4F7556}") = "DHY.InternalApiService", "DHY.ApiService\DHY.InternalApiService.csproj", "{B646A97B-1871-4A83-9142-66A8B04D0BDB}"
EndProject
Project("{9A19103F-16F7-4668-BE54-9A1E7A4F7556}") = "DHY.IO", "DHY.IO\DHY.IO.csproj", "{BF8301EB-A2F4-4449-9FD9-1FF252313396}"
EndProject
Project("{9A19103F-16F7-4668-BE54-9A1E7A4F7556}") = "DHY.Game.Core", "DHY.Game.Core\DHY.Game.Core.csproj", "{41BC6E38-13AF-4002-817A-A90E93284B09}"
EndProject
Project("{9A19103F-16F7-4668-BE54-9A1E7A4F7556}") = "DHY.Game.AI", "DHY.Game.AI\DHY.Game.AI.csproj", "{7787E6F5-DDEC-4EB2-84D5-508FCA4F7A8E}"
EndProject
Project("{9A19103F-16F7-4668-BE54-9A1E7A4F7556}") = "DHY.Game.Hub", "DHY.Game.Hub\DHY.Game.Hub.csproj", "{FD83C2A5-D6FC-4A59-A20B-F777A441ABC8}"
EndProject
Project("{9A19103F-16F7-4668-BE54-9A1E7A4F7556}") = "DHY.Game.Admin", "DHY.Game.Admin\DHY.Game.Admin.csproj", "{1CB36D24-8C80-43A8-BF23-CEFADB5C9A64}"
EndProject
Project("{FAE04EC0-301F-11D3-BF4B-00C04F79EFBC}") = "DHY.Game.AIEval", "DHY.Game.AIEval\DHY.Game.AIEval.csproj", "{A2D24A2B-8092-4C71-8029-80C0486529BF}"
EndProject
Global
	GlobalSection(SolutionConfigurationPlatforms) = preSolution
		Debug|Any CPU = Debug|Any CPU
		Debug|x64 = Debug|x64
		Debug|x86 = Debug|x86
		Release|Any CPU = Release|Any CPU
		Release|x64 = Release|x64
		Release|x86 = Release|x86
	EndGlobalSection
	GlobalSection(ProjectConfigurationPlatforms) = postSolution
		{90E62FF6-130E-4BF8-8502-D0D6F61B2797}.Debug|Any CPU.ActiveCfg = Debug|Any CPU
		{90E62FF6-130E-4BF8-8502-D0D6F61B2797}.Debug|Any CPU.Build.0 = Debug|Any CPU
		{90E62FF6-130E-4BF8-8502-D0D6F61B2797}.Debug|x64.ActiveCfg = Debug|Any CPU
		{90E62FF6-130E-4BF8-8502-D0D6F61B2797}.Debug|x64.Build.0 = Debug|Any CPU
		{90E62FF6-130E-4BF8-8502-D0D6F61B2797}.Debug|x86.ActiveCfg = Debug|Any CPU
		{90E62FF6-130E-4BF8-8502-D0D6F61B2797}.Debug|x86.Build.0 = Debug|Any CPU
		{90E62FF6-130E-4BF8-8502-D0D6F61B2797}.Release|Any CPU.ActiveCfg = Release|Any CPU
		{90E62FF6-130E-4BF8-8502-D0D6F61B2797}.Release|Any CPU.Build.0 = Release|Any CPU
		{90E62FF6-130E-4BF8-8502-D0D6F61B2797}.Release|x64.ActiveCfg = Release|Any CPU
		{90E62FF6-130E-4BF8-8502-D0D6F61B2797}.Release|x64.Build.0 = Release|Any CPU
		{90E62FF6-130E-4BF8-8502-D0D6F61B2797}.Release|x86.ActiveCfg = Release|Any CPU
		{90E62FF6-130E-4BF8-8502-D0D6F61B2797}.Release|x86.Build.0 = Release|Any CPU
		{2AF9A167-48E1-466A-B4A0-D9DA406086FA}.Debug|Any CPU.ActiveCfg = Debug|Any CPU
		{2AF9A167-48E1-466A-B4A0-D9DA406086FA}.Debug|Any CPU.Build.0 = Debug|Any CPU
		{2AF9A167-48E1-466A-B4A0-D9DA406086FA}.Debug|x64.ActiveCfg = Debug|Any CPU
		{2AF9A167-48E1-466A-B4A0-D9DA406086FA}.Debug|x64.Build.0 = Debug|Any CPU
		{2AF9A167-48E1-466A-B4A0-D9DA406086FA}.Debug|x86.ActiveCfg = Debug|Any CPU
		{2AF9A167-48E1-466A-B4A0-D9DA406086FA}.Debug|x86.Build.0 = Debug|Any CPU
		{2AF9A167-48E1-466A-B4A0-D9DA406086FA}.Release|Any CPU.ActiveCfg = Release|Any CPU
		{2AF9A167-48E1-466A-B4A0-D9DA406086FA}.Release|Any CPU.Build.0 = Release|Any CPU
		{2AF9A167-48E1-466A-B4A0-D9DA406086FA}.Release|x64.ActiveCfg = Release|Any CPU
		{2AF9A167-48E1-466A-B4A0-D9DA406086FA}.Release|x64.Build.0 = Release|Any CPU
		{2AF9A167-48E1-466A-B4A0-D9DA406086FA}.Release|x86.ActiveCfg = Release|Any CPU
		{2AF9A167-48E1-466A-B4A0-D9DA406086FA}.Release|x86.Build.0 = Release|Any CPU
		{20242B67-8C70-4CE1-9296-5491D0B32117}.Debug|Any CPU.ActiveCfg = Debug|Any CPU
		{20242B67-8C70-4CE1-9296-5491D0B32117}.Debug|Any CPU.Build.0 = Debug|Any CPU
		{20242B67-8C70-4CE1-9296-5491D0B32117}.Debug|x64.ActiveCfg = Debug|Any CPU
		{20242B67-8C70-4CE1-9296-5491D0B32117}.Debug|x64.Build.0 = Debug|Any CPU
		{20242B67-8C70-4CE1-9296-5491D0B32117}.Debug|x86.ActiveCfg = Debug|Any CPU
		{20242B67-8C70-4CE1-9296-5491D0B32117}.Debug|x86.Build.0 = Debug|Any CPU
		{20242B67-8C70-4CE1-9296-5491D0B32117}.Release|Any CPU.ActiveCfg = Release|Any CPU
		{20242B67-8C70-4CE1-9296-5491D0B32117}.Release|Any CPU.Build.0 = Release|Any CPU
		{20242B67-8C70-4CE1-9296-5491D0B32117}.Release|x64.ActiveCfg = Release|Any CPU
		{20242B67-8C70-4CE1-9296-5491D0B32117}.Release|x64.Build.0 = Release|Any CPU
		{20242B67-8C70-4CE1-9296-5491D0B32117}.Release|x86.ActiveCfg = Release|Any CPU
		{20242B67-8C70-4CE1-9296-5491D0B32117}.Release|x86.Build.0 = Release|Any CPU
		{C23769AB-4E76-4BAC-85A1-AA1D0F334970}.Debug|Any CPU.ActiveCfg = Debug|Any CPU
		{C23769AB-4E76-4BAC-85A1-AA1D0F334970}.Debug|Any CPU.Build.0 = Debug|Any CPU
		{C23769AB-4E76-4BAC-85A1-AA1D0F334970}.Debug|x64.ActiveCfg = Debug|Any CPU
		{C23769AB-4E76-4BAC-85A1-AA1D0F334970}.Debug|x64.Build.0 = Debug|Any CPU
		{C23769AB-4E76-4BAC-85A1-AA1D0F334970}.Debug|x86.ActiveCfg = Debug|Any CPU
		{C23769AB-4E76-4BAC-85A1-AA1D0F334970}.Debug|x86.Build.0 = Debug|Any CPU
		{C23769AB-4E76-4BAC-85A1-AA1D0F334970}.Release|Any CPU.ActiveCfg = Release|Any CPU
		{C23769AB-4E76-4BAC-85A1-AA1D0F334970}.Release|Any CPU.Build.0 = Release|Any CPU
		{C23769AB-4E76-4BAC-85A1-AA1D0F334970}.Release|x64.ActiveCfg = Release|Any CPU
		{C23769AB-4E76-4BAC-85A1-AA1D0F334970}.Release|x64.Build.0 = Release|Any CPU
		{C23769AB-4E76-4BAC-85A1-AA1D0F334970}.Release|x86.ActiveCfg = Release|Any CPU
		{C23769AB-4E76-4BAC-85A1-AA1D0F334970}.Release|x86.Build.0 = Release|Any CPU
		{6F72C9FE-CADF-4290-A120-1FB07B35043F}.Debug|Any CPU.ActiveCfg = Debug|Any CPU
		{6F72C9FE-CADF-4290-A120-1FB07B35043F}.Debug|Any CPU.Build.0 = Debug|Any CPU
		{6F72C9FE-CADF-4290-A120-1FB07B35043F}.Debug|x64.ActiveCfg = Debug|Any CPU
		{6F72C9FE-CADF-4290-A120-1FB07B35043F}.Debug|x64.Build.0 = Debug|Any CPU
		{6F72C9FE-CADF-4290-A120-1FB07B35043F}.Debug|x86.ActiveCfg = Debug|Any CPU
		{6F72C9FE-CADF-4290-A120-1FB07B35043F}.Debug|x86.Build.0 = Debug|Any CPU
		{6F72C9FE-CADF-4290-A120-1FB07B35043F}.Release|Any CPU.ActiveCfg = Release|Any CPU
		{6F72C9FE-CADF-4290-A120-1FB07B35043F}.Release|Any CPU.Build.0 = Release|Any CPU
		{6F72C9FE-CADF-4290-A120-1FB07B35043F}.Release|x64.ActiveCfg = Release|Any CPU
		{6F72C9FE-CADF-4290-A120-1FB07B35043F}.Release|x64.Build.0 = Release|Any CPU
		{6F72C9FE-CADF-4290-A120-1FB07B35043F}.Release|x86.ActiveCfg = Release|Any CPU
		{6F72C9FE-CADF-4290-A120-1FB07B35043F}.Release|x86.Build.0 = Release|Any CPU
		{628319AC-872A-4E67-946B-403E6B77E24C}.Debug|Any CPU.ActiveCfg = Debug|Any CPU
		{628319AC-872A-4E67-946B-403E6B77E24C}.Debug|Any CPU.Build.0 = Debug|Any CPU
		{628319AC-872A-4E67-946B-403E6B77E24C}.Debug|x64.ActiveCfg = Debug|Any CPU
		{628319AC-872A-4E67-946B-403E6B77E24C}.Debug|x64.Build.0 = Debug|Any CPU
		{628319AC-872A-4E67-946B-403E6B77E24C}.Debug|x86.ActiveCfg = Debug|Any CPU
		{628319AC-872A-4E67-946B-403E6B77E24C}.Debug|x86.Build.0 = Debug|Any CPU
		{628319AC-872A-4E67-946B-403E6B77E24C}.Release|Any CPU.ActiveCfg = Release|Any CPU
		{628319AC-872A-4E67-946B-403E6B77E24C}.Release|Any CPU.Build.0 = Release|Any CPU
		{628319AC-872A-4E67-946B-403E6B77E24C}.Release|x64.ActiveCfg = Release|Any CPU
		{628319AC-872A-4E67-946B-403E6B77E24C}.Release|x64.Build.0 = Release|Any CPU
		{628319AC-872A-4E67-946B-403E6B77E24C}.Release|x86.ActiveCfg = Release|Any CPU
		{628319AC-872A-4E67-946B-403E6B77E24C}.Release|x86.Build.0 = Release|Any CPU
		{CD742CF4-EFA1-428D-941B-762CC5A13CDD}.Debug|Any CPU.ActiveCfg = Debug|Any CPU
		{CD742CF4-EFA1-428D-941B-762CC5A13CDD}.Debug|Any CPU.Build.0 = Debug|Any CPU
		{CD742CF4-EFA1-428D-941B-762CC5A13CDD}.Debug|x64.ActiveCfg = Debug|Any CPU
		{CD742CF4-EFA1-428D-941B-762CC5A13CDD}.Debug|x64.Build.0 = Debug|Any CPU
		{CD742CF4-EFA1-428D-941B-762CC5A13CDD}.Debug|x86.ActiveCfg = Debug|Any CPU
		{CD742CF4-EFA1-428D-941B-762CC5A13CDD}.Debug|x86.Build.0 = Debug|Any CPU
		{CD742CF4-EFA1-428D-941B-762CC5A13CDD}.Release|Any CPU.ActiveCfg = Release|Any CPU
		{CD742CF4-EFA1-428D-941B-762CC5A13CDD}.Release|Any CPU.Build.0 = Release|Any CPU
		{CD742CF4-EFA1-428D-941B-762CC5A13CDD}.Release|x64.ActiveCfg = Release|Any CPU
		{CD742CF4-EFA1-428D-941B-762CC5A13CDD}.Release|x64.Build.0 = Release|Any CPU
		{CD742CF4-EFA1-428D-941B-762CC5A13CDD}.Release|x86.ActiveCfg = Release|Any CPU
		{CD742CF4-EFA1-428D-941B-762CC5A13CDD}.Release|x86.Build.0 = Release|Any CPU
		{0041E54F-419E-4653-8903-EB360687FE2A}.Debug|Any CPU.ActiveCfg = Debug|Any CPU
		{0041E54F-419E-4653-8903-EB360687FE2A}.Debug|Any CPU.Build.0 = Debug|Any CPU
		{0041E54F-419E-4653-8903-EB360687FE2A}.Debug|x64.ActiveCfg = Debug|Any CPU
		{0041E54F-419E-4653-8903-EB360687FE2A}.Debug|x64.Build.0 = Debug|Any CPU
		{0041E54F-419E-4653-8903-EB360687FE2A}.Debug|x86.ActiveCfg = Debug|Any CPU
		{0041E54F-419E-4653-8903-EB360687FE2A}.Debug|x86.Build.0 = Debug|Any CPU
		{0041E54F-419E-4653-8903-EB360687FE2A}.Release|Any CPU.ActiveCfg = Release|Any CPU
		{0041E54F-419E-4653-8903-EB360687FE2A}.Release|Any CPU.Build.0 = Release|Any CPU
		{0041E54F-419E-4653-8903-EB360687FE2A}.Release|x64.ActiveCfg = Release|Any CPU
		{0041E54F-419E-4653-8903-EB360687FE2A}.Release|x64.Build.0 = Release|Any CPU
		{0041E54F-419E-4653-8903-EB360687FE2A}.Release|x86.ActiveCfg = Release|Any CPU
		{0041E54F-419E-4653-8903-EB360687FE2A}.Release|x86.Build.0 = Release|Any CPU
		{D76CF5EA-5DDF-400B-84DA-82028C8692F5}.Debug|Any CPU.ActiveCfg = Debug|Any CPU
		{D76CF5EA-5DDF-400B-84DA-82028C8692F5}.Debug|Any CPU.Build.0 = Debug|Any CPU
		{D76CF5EA-5DDF-400B-84DA-82028C8692F5}.Debug|x64.ActiveCfg = Debug|Any CPU
		{D76CF5EA-5DDF-400B-84DA-82028C8692F5}.Debug|x64.Build.0 = Debug|Any CPU
		{D76CF5EA-5DDF-400B-84DA-82028C8692F5}.Debug|x86.ActiveCfg = Debug|Any CPU
		{D76CF5EA-5DDF-400B-84DA-82028C8692F5}.Debug|x86.Build.0 = Debug|Any CPU
		{D76CF5EA-5DDF-400B-84DA-82028C8692F5}.Release|Any CPU.ActiveCfg = Release|Any CPU
		{D76CF5EA-5DDF-400B-84DA-82028C8692F5}.Release|Any CPU.Build.0 = Release|Any CPU
		{D76CF5EA-5DDF-400B-84DA-82028C8692F5}.Release|x64.ActiveCfg = Release|Any CPU
		{D76CF5EA-5DDF-400B-84DA-82028C8692F5}.Release|x64.Build.0 = Release|Any CPU
		{D76CF5EA-5DDF-400B-84DA-82028C8692F5}.Release|x86.ActiveCfg = Release|Any CPU
		{D76CF5EA-5DDF-400B-84DA-82028C8692F5}.Release|x86.Build.0 = Release|Any CPU
		{ACB7146E-45ED-49A0-9443-EE0FDC031254}.Debug|Any CPU.ActiveCfg = Debug|Any CPU
		{ACB7146E-45ED-49A0-9443-EE0FDC031254}.Debug|Any CPU.Build.0 = Debug|Any CPU
		{ACB7146E-45ED-49A0-9443-EE0FDC031254}.Debug|x64.ActiveCfg = Debug|Any CPU
		{ACB7146E-45ED-49A0-9443-EE0FDC031254}.Debug|x64.Build.0 = Debug|Any CPU
		{ACB7146E-45ED-49A0-9443-EE0FDC031254}.Debug|x86.ActiveCfg = Debug|Any CPU
		{ACB7146E-45ED-49A0-9443-EE0FDC031254}.Debug|x86.Build.0 = Debug|Any CPU
		{ACB7146E-45ED-49A0-9443-EE0FDC031254}.Release|Any CPU.ActiveCfg = Release|Any CPU
		{ACB7146E-45ED-49A0-9443-EE0FDC031254}.Release|Any CPU.Build.0 = Release|Any CPU
		{ACB7146E-45ED-49A0-9443-EE0FDC031254}.Release|x64.ActiveCfg = Release|Any CPU
		{ACB7146E-45ED-49A0-9443-EE0FDC031254}.Release|x64.Build.0 = Release|Any CPU
		{ACB7146E-45ED-49A0-9443-EE0FDC031254}.Release|x86.ActiveCfg = Release|Any CPU
		{ACB7146E-45ED-49A0-9443-EE0FDC031254}.Release|x86.Build.0 = Release|Any CPU
		{BB2472BF-8BAE-4809-8D86-93369773F9DC}.Debug|Any CPU.ActiveCfg = Debug|Any CPU
		{BB2472BF-8BAE-4809-8D86-93369773F9DC}.Debug|Any CPU.Build.0 = Debug|Any CPU
		{BB2472BF-8BAE-4809-8D86-93369773F9DC}.Debug|x64.ActiveCfg = Debug|Any CPU
		{BB2472BF-8BAE-4809-8D86-93369773F9DC}.Debug|x64.Build.0 = Debug|Any CPU
		{BB2472BF-8BAE-4809-8D86-93369773F9DC}.Debug|x86.ActiveCfg = Debug|Any CPU
		{BB2472BF-8BAE-4809-8D86-93369773F9DC}.Debug|x86.Build.0 = Debug|Any CPU
		{BB2472BF-8BAE-4809-8D86-93369773F9DC}.Release|Any CPU.ActiveCfg = Release|Any CPU
		{BB2472BF-8BAE-4809-8D86-93369773F9DC}.Release|Any CPU.Build.0 = Release|Any CPU
		{BB2472BF-8BAE-4809-8D86-93369773F9DC}.Release|x64.ActiveCfg = Release|Any CPU
		{BB2472BF-8BAE-4809-8D86-93369773F9DC}.Release|x64.Build.0 = Release|Any CPU
		{BB2472BF-8BAE-4809-8D86-93369773F9DC}.Release|x86.ActiveCfg = Release|Any CPU
		{BB2472BF-8BAE-4809-8D86-93369773F9DC}.Release|x86.Build.0 = Release|Any CPU
		{D987E187-7411-44B8-AF66-4F7DA7EE9B01}.Debug|Any CPU.ActiveCfg = Debug|Any CPU
		{D987E187-7411-44B8-AF66-4F7DA7EE9B01}.Debug|Any CPU.Build.0 = Debug|Any CPU
		{D987E187-7411-44B8-AF66-4F7DA7EE9B01}.Debug|x64.ActiveCfg = Debug|Any CPU
		{D987E187-7411-44B8-AF66-4F7DA7EE9B01}.Debug|x64.Build.0 = Debug|Any CPU
		{D987E187-7411-44B8-AF66-4F7DA7EE9B01}.Debug|x86.ActiveCfg = Debug|Any CPU
		{D987E187-7411-44B8-AF66-4F7DA7EE9B01}.Debug|x86.Build.0 = Debug|Any CPU
		{D987E187-7411-44B8-AF66-4F7DA7EE9B01}.Release|Any CPU.ActiveCfg = Release|Any CPU
		{D987E187-7411-44B8-AF66-4F7DA7EE9B01}.Release|Any CPU.Build.0 = Release|Any CPU
		{D987E187-7411-44B8-AF66-4F7DA7EE9B01}.Release|x64.ActiveCfg = Release|Any CPU
		{D987E187-7411-44B8-AF66-4F7DA7EE9B01}.Release|x64.Build.0 = Release|Any CPU
		{D987E187-7411-44B8-AF66-4F7DA7EE9B01}.Release|x86.ActiveCfg = Release|Any CPU
		{D987E187-7411-44B8-AF66-4F7DA7EE9B01}.Release|x86.Build.0 = Release|Any CPU
		{B646A97B-1871-4A83-9142-66A8B04D0BDB}.Debug|Any CPU.ActiveCfg = Debug|Any CPU
		{B646A97B-1871-4A83-9142-66A8B04D0BDB}.Debug|Any CPU.Build.0 = Debug|Any CPU
		{B646A97B-1871-4A83-9142-66A8B04D0BDB}.Debug|x64.ActiveCfg = Debug|Any CPU
		{B646A97B-1871-4A83-9142-66A8B04D0BDB}.Debug|x64.Build.0 = Debug|Any CPU
		{B646A97B-1871-4A83-9142-66A8B04D0BDB}.Debug|x86.ActiveCfg = Debug|Any CPU
		{B646A97B-1871-4A83-9142-66A8B04D0BDB}.Debug|x86.Build.0 = Debug|Any CPU
		{B646A97B-1871-4A83-9142-66A8B04D0BDB}.Release|Any CPU.ActiveCfg = Release|Any CPU
		{B646A97B-1871-4A83-9142-66A8B04D0BDB}.Release|Any CPU.Build.0 = Release|Any CPU
		{B646A97B-1871-4A83-9142-66A8B04D0BDB}.Release|x64.ActiveCfg = Release|Any CPU
		{B646A97B-1871-4A83-9142-66A8B04D0BDB}.Release|x64.Build.0 = Release|Any CPU
		{B646A97B-1871-4A83-9142-66A8B04D0BDB}.Release|x86.ActiveCfg = Release|Any CPU
		{B646A97B-1871-4A83-9142-66A8B04D0BDB}.Release|x86.Build.0 = Release|Any CPU
		{BF8301EB-A2F4-4449-9FD9-1FF252313396}.Debug|Any CPU.ActiveCfg = Debug|Any CPU
		{BF8301EB-A2F4-4449-9FD9-1FF252313396}.Debug|Any CPU.Build.0 = Debug|Any CPU
		{BF8301EB-A2F4-4449-9FD9-1FF252313396}.Debug|x64.ActiveCfg = Debug|Any CPU
		{BF8301EB-A2F4-4449-9FD9-1FF252313396}.Debug|x64.Build.0 = Debug|Any CPU
		{BF8301EB-A2F4-4449-9FD9-1FF252313396}.Debug|x86.ActiveCfg = Debug|Any CPU
		{BF8301EB-A2F4-4449-9FD9-1FF252313396}.Debug|x86.Build.0 = Debug|Any CPU
		{BF8301EB-A2F4-4449-9FD9-1FF252313396}.Release|Any CPU.ActiveCfg = Release|Any CPU
		{BF8301EB-A2F4-4449-9FD9-1FF252313396}.Release|Any CPU.Build.0 = Release|Any CPU
		{BF8301EB-A2F4-4449-9FD9-1FF252313396}.Release|x64.ActiveCfg = Release|Any CPU
		{BF8301EB-A2F4-4449-9FD9-1FF252313396}.Release|x64.Build.0 = Release|Any CPU
		{BF8301EB-A2F4-4449-9FD9-1FF252313396}.Release|x86.ActiveCfg = Release|Any CPU
		{BF8301EB-A2F4-4449-9FD9-1FF252313396}.Release|x86.Build.0 = Release|Any CPU
		{41BC6E38-13AF-4002-817A-A90E93284B09}.Debug|Any CPU.ActiveCfg = Debug|Any CPU
		{41BC6E38-13AF-4002-817A-A90E93284B09}.Debug|Any CPU.Build.0 = Debug|Any CPU
		{41BC6E38-13AF-4002-817A-A90E93284B09}.Debug|x64.ActiveCfg = Debug|Any CPU
		{41BC6E38-13AF-4002-817A-A90E93284B09}.Debug|x64.Build.0 = Debug|Any CPU
		{41BC6E38-13AF-4002-817A-A90E93284B09}.Debug|x86.ActiveCfg = Debug|Any CPU
		{41BC6E38-13AF-4002-817A-A90E93284B09}.Debug|x86.Build.0 = Debug|Any CPU
		{41BC6E38-13AF-4002-817A-A90E93284B09}.Release|Any CPU.ActiveCfg = Release|Any CPU
		{41BC6E38-13AF-4002-817A-A90E93284B09}.Release|Any CPU.Build.0 = Release|Any CPU
		{41BC6E38-13AF-4002-817A-A90E93284B09}.Release|x64.ActiveCfg = Release|Any CPU
		{41BC6E38-13AF-4002-817A-A90E93284B09}.Release|x64.Build.0 = Release|Any CPU
		{41BC6E38-13AF-4002-817A-A90E93284B09}.Release|x86.ActiveCfg = Release|Any CPU
		{41BC6E38-13AF-4002-817A-A90E93284B09}.Release|x86.Build.0 = Release|Any CPU
		{7787E6F5-DDEC-4EB2-84D5-508FCA4F7A8E}.Debug|Any CPU.ActiveCfg = Debug|Any CPU
		{7787E6F5-DDEC-4EB2-84D5-508FCA4F7A8E}.Debug|Any CPU.Build.0 = Debug|Any CPU
		{7787E6F5-DDEC-4EB2-84D5-508FCA4F7A8E}.Debug|x64.ActiveCfg = Debug|Any CPU
		{7787E6F5-DDEC-4EB2-84D5-508FCA4F7A8E}.Debug|x64.Build.0 = Debug|Any CPU
		{7787E6F5-DDEC-4EB2-84D5-508FCA4F7A8E}.Debug|x86.ActiveCfg = Debug|Any CPU
		{7787E6F5-DDEC-4EB2-84D5-508FCA4F7A8E}.Debug|x86.Build.0 = Debug|Any CPU
		{7787E6F5-DDEC-4EB2-84D5-508FCA4F7A8E}.Release|Any CPU.ActiveCfg = Release|Any CPU
		{7787E6F5-DDEC-4EB2-84D5-508FCA4F7A8E}.Release|Any CPU.Build.0 = Release|Any CPU
		{7787E6F5-DDEC-4EB2-84D5-508FCA4F7A8E}.Release|x64.ActiveCfg = Release|Any CPU
		{7787E6F5-DDEC-4EB2-84D5-508FCA4F7A8E}.Release|x64.Build.0 = Release|Any CPU
		{7787E6F5-DDEC-4EB2-84D5-508FCA4F7A8E}.Release|x86.ActiveCfg = Release|Any CPU
		{7787E6F5-DDEC-4EB2-84D5-508FCA4F7A8E}.Release|x86.Build.0 = Release|Any CPU
		{FD83C2A5-D6FC-4A59-A20B-F777A441ABC8}.Debug|Any CPU.ActiveCfg = Debug|Any CPU
		{FD83C2A5-D6FC-4A59-A20B-F777A441ABC8}.Debug|Any CPU.Build.0 = Debug|Any CPU
		{FD83C2A5-D6FC-4A59-A20B-F777A441ABC8}.Debug|x64.ActiveCfg = Debug|Any CPU
		{FD83C2A5-D6FC-4A59-A20B-F777A441ABC8}.Debug|x64.Build.0 = Debug|Any CPU
		{FD83C2A5-D6FC-4A59-A20B-F777A441ABC8}.Debug|x86.ActiveCfg = Debug|Any CPU
		{FD83C2A5-D6FC-4A59-A20B-F777A441ABC8}.Debug|x86.Build.0 = Debug|Any CPU
		{FD83C2A5-D6FC-4A59-A20B-F777A441ABC8}.Release|Any CPU.ActiveCfg = Release|Any CPU
		{FD83C2A5-D6FC-4A59-A20B-F777A441ABC8}.Release|Any CPU.Build.0 = Release|Any CPU
		{FD83C2A5-D6FC-4A59-A20B-F777A441ABC8}.Release|x64.ActiveCfg = Release|Any CPU
		{FD83C2A5-D6FC-4A59-A20B-F777A441ABC8}.Release|x64.Build.0 = Release|Any CPU
		{FD83C2A5-D6FC-4A59-A20B-F777A441ABC8}.Release|x86.ActiveCfg = Release|Any CPU
		{FD83C2A5-D6FC-4A59-A20B-F777A441ABC8}.Release|x86.Build.0 = Release|Any CPU
		{1CB36D24-8C80-43A8-BF23-CEFADB5C9A64}.Debug|Any CPU.ActiveCfg = Debug|Any CPU
		{1CB36D24-8C80-43A8-BF23-CEFADB5C9A64}.Debug|Any CPU.Build.0 = Debug|Any CPU
		{1CB36D24-8C80-43A8-BF23-CEFADB5C9A64}.Debug|x64.ActiveCfg = Debug|Any CPU
		{1CB36D24-8C80-43A8-BF23-CEFADB5C9A64}.Debug|x64.Build.0 = Debug|Any CPU
		{1CB36D24-8C80-43A8-BF23-CEFADB5C9A64}.Debug|x86.ActiveCfg = Debug|Any CPU
		{1CB36D24-8C80-43A8-BF23-CEFADB5C9A64}.Debug|x86.Build.0 = Debug|Any CPU
		{1CB36D24-8C80-43A8-BF23-CEFADB5C9A64}.Release|Any CPU.ActiveCfg = Release|Any CPU
		{1CB36D24-8C80-43A8-BF23-CEFADB5C9A64}.Release|Any CPU.Build.0 = Release|Any CPU
		{1CB36D24-8C80-43A8-BF23-CEFADB5C9A64}.Release|x64.ActiveCfg = Release|Any CPU
		{1CB36D24-8C80-43A8-BF23-CEFADB5C9A64}.Release|x64.Build.0 = Release|Any CPU
		{1CB36D24-8C80-43A8-BF23-CEFADB5C9A64}.Release|x86.ActiveCfg = Release|Any CPU
		{1CB36D24-8C80-43A8-BF23-CEFADB5C9A64}.Release|x86.Build.0 = Release|Any CPU
		{A2D24A2B-8092-4C71-8029-80C0486529BF}.Debug|Any CPU.ActiveCfg = Debug|Any CPU
		{A2D24A2B-8092-4C71-8029-80C0486529BF}.Debug|Any CPU.Build.0 = Debug|Any CPU
		{A2D24A2B-8092-4C71-8029-80C0486529BF}.Debug|x64.ActiveCfg = Debug|Any CPU
		{A2D24A2B-8092-4C71-8029-80C0486529BF}.Debug|x64.Build.0 = Debug|Any CPU
		{A2D24A2B-8092-4C71-8029-80C0486529BF}.Debug|x86.ActiveCfg = Debug|Any CPU
		{A2D24A2B-8092-4C71-8029-80C0486529BF}.Debug|x86.Build.0 = Debug|Any CPU
		{A2D24A2B-8092-4C71-8029-80C0486529BF}.Release|Any CPU.ActiveCfg = Release|Any CPU
		{A2D24A2B-8092-4C71-8029-80C0486529BF}.Release|Any CPU.Build.0 = Release|Any CPU
		{A2D24A2B-8092-4C71-8029-80C0486529BF}.Release|x64.ActiveCfg = Release|Any CPU
		{A2D24A2B-8092-4C71-8029-80C0486529BF}.Release|x64.Build.0 = Release|Any CPU
		{A2D24A2B-8092-4C71-8029-80C0486529BF}.Release|x86.ActiveCfg = Release|Any CPU
		{A2D24A2B-8092-4C71-8029-80C0486529BF}.Release|x86.Build.0 = Release|Any CPU
	EndGlobalSection
	GlobalSection(SolutionProperties) = preSolution
		HideSolutionNode = FALSE
	EndGlobalSection
	GlobalSection(NestedProjects) = preSolution
		{90E62FF6-130E-4BF8-8502-D0D6F61B2797} = {6C21693F-04BD-429E-82DA-4BCC7DD94675}
		{2AF9A167-48E1-466A-B4A0-D9DA406086FA} = {FFDC318F-9D7F-4D7E-9470-B8B8A43E4F81}
		{20242B67-8C70-4CE1-9296-5491D0B32117} = {6285621E-B470-4DB1-AFA5-23866172A90E}
		{C23769AB-4E76-4BAC-85A1-AA1D0F334970} = {6285621E-B470-4DB1-AFA5-23866172A90E}
		{6F72C9FE-CADF-4290-A120-1FB07B35043F} = {6285621E-B470-4DB1-AFA5-23866172A90E}
		{628319AC-872A-4E67-946B-403E6B77E24C} = {AFA3607F-3BA7-4D7D-9CE4-55F1D0B030E0}
		{CD742CF4-EFA1-428D-941B-762CC5A13CDD} = {6285621E-B470-4DB1-AFA5-23866172A90E}
		{0041E54F-419E-4653-8903-EB360687FE2A} = {FFDC318F-9D7F-4D7E-9470-B8B8A43E4F81}
		{D76CF5EA-5DDF-400B-84DA-82028C8692F5} = {6285621E-B470-4DB1-AFA5-23866172A90E}
		{ACB7146E-45ED-49A0-9443-EE0FDC031254} = {FFDC318F-9D7F-4D7E-9470-B8B8A43E4F81}
		{BB2472BF-8BAE-4809-8D86-93369773F9DC} = {FFDC318F-9D7F-4D7E-9470-B8B8A43E4F81}
		{D987E187-7411-44B8-AF66-4F7DA7EE9B01} = {FFDC318F-9D7F-4D7E-9470-B8B8A43E4F81}
		{B646A97B-1871-4A83-9142-66A8B04D0BDB} = {9BD5BC19-C615-48DB-80D3-F145E50DD747}
		{BF8301EB-A2F4-4449-9FD9-1FF252313396} = {6C21693F-04BD-429E-82DA-4BCC7DD94675}
		{41BC6E38-13AF-4002-817A-A90E93284B09} = {FFDC318F-9D7F-4D7E-9470-B8B8A43E4F81}
		{7787E6F5-DDEC-4EB2-84D5-508FCA4F7A8E} = {FFDC318F-9D7F-4D7E-9470-B8B8A43E4F81}
		{FD83C2A5-D6FC-4A59-A20B-F777A441ABC8} = {FFDC318F-9D7F-4D7E-9470-B8B8A43E4F81}
		{1CB36D24-8C80-43A8-BF23-CEFADB5C9A64} = {FFDC318F-9D7F-4D7E-9470-B8B8A43E4F81}
		{A2D24A2B-8092-4C71-8029-80C0486529BF} = {BEB018AC-AC25-4B5D-BF32-625597507E33}
	EndGlobalSection
	GlobalSection(ExtensibilityGlobals) = postSolution
		SolutionGuid = {EA0A7F82-AD6A-461E-9708-622A9B50369B}
	EndGlobalSection
EndGlobal
